// !$*UTF8*$!
{
	archiveVersion = 1;
	classes = {
	};
	objectVersion = 46;
	objects = {

/* Begin PBXBuildFile section */
		A98D03441D34E23B00F23DB1 /* AppDelegate.swift in Sources */ = {isa = PBXBuildFile; fileRef = A98D03431D34E23B00F23DB1 /* AppDelegate.swift */; };
		A98D03461D34E23B00F23DB1 /* ViewController.swift in Sources */ = {isa = PBXBuildFile; fileRef = A98D03451D34E23B00F23DB1 /* ViewController.swift */; };
		A98D03491D34E23B00F23DB1 /* Main.storyboard in Resources */ = {isa = PBXBuildFile; fileRef = A98D03471D34E23B00F23DB1 /* Main.storyboard */; };
		A98D034B1D34E23B00F23DB1 /* Assets.xcassets in Resources */ = {isa = PBXBuildFile; fileRef = A98D034A1D34E23B00F23DB1 /* Assets.xcassets */; };
		A98D034E1D34E23B00F23DB1 /* LaunchScreen.storyboard in Resources */ = {isa = PBXBuildFile; fileRef = A98D034C1D34E23B00F23DB1 /* LaunchScreen.storyboard */; };
		A98D03591D34E23B00F23DB1 /* okmotoTests.swift in Sources */ = {isa = PBXBuildFile; fileRef = A98D03581D34E23B00F23DB1 /* okmotoTests.swift */; };
		A98D03641D34E23B00F23DB1 /* okmotoUITests.swift in Sources */ = {isa = PBXBuildFile; fileRef = A98D03631D34E23B00F23DB1 /* okmotoUITests.swift */; };
/* End PBXBuildFile section */

/* Begin PBXContainerItemProxy section */
		A98D03551D34E23B00F23DB1 /* PBXContainerItemProxy */ = {
			isa = PBXContainerItemProxy;
			containerPortal = A98D03381D34E23B00F23DB1 /* Project object */;
			proxyType = 1;
			remoteGlobalIDString = A98D033F1D34E23B00F23DB1;
			remoteInfo = okmoto;
		};
		A98D03601D34E23B00F23DB1 /* PBXContainerItemProxy */ = {
			isa = PBXContainerItemProxy;
			containerPortal = A98D03381D34E23B00F23DB1 /* Project object */;
			proxyType = 1;
			remoteGlobalIDString = A98D033F1D34E23B00F23DB1;
			remoteInfo = okmoto;
		};
/* End PBXContainerItemProxy section */

/* Begin PBXFileReference section */
		A98D03401D34E23B00F23DB1 /* okmoto.app */ = {isa = PBXFileReference; explicitFileType = wrapper.application; includeInIndex = 0; path = okmoto.app; sourceTree = BUILT_PRODUCTS_DIR; };
		A98D03431D34E23B00F23DB1 /* AppDelegate.swift */ = {isa = PBXFileReference; lastKnownFileType = sourcecode.swift; path = AppDelegate.swift; sourceTree = "<group>"; };
		A98D03451D34E23B00F23DB1 /* ViewController.swift */ = {isa = PBXFileReference; lastKnownFileType = sourcecode.swift; path = ViewController.swift; sourceTree = "<group>"; };
		A98D03481D34E23B00F23DB1 /* Base */ = {isa = PBXFileReference; lastKnownFileType = file.storyboard; name = Base; path = Base.lproj/Main.storyboard; sourceTree = "<group>"; };
		A98D034A1D34E23B00F23DB1 /* Assets.xcassets */ = {isa = PBXFileReference; lastKnownFileType = folder.assetcatalog; path = Assets.xcassets; sourceTree = "<group>"; };
		A98D034D1D34E23B00F23DB1 /* Base */ = {isa = PBXFileReference; lastKnownFileType = file.storyboard; name = Base; path = Base.lproj/LaunchScreen.storyboard; sourceTree = "<group>"; };
		A98D034F1D34E23B00F23DB1 /* Info.plist */ = {isa = PBXFileReference; lastKnownFileType = text.plist.xml; path = Info.plist; sourceTree = "<group>"; };
		A98D03541D34E23B00F23DB1 /* okmotoTests.xctest */ = {isa = PBXFileReference; explicitFileType = wrapper.cfbundle; includeInIndex = 0; path = okmotoTests.xctest; sourceTree = BUILT_PRODUCTS_DIR; };
		A98D03581D34E23B00F23DB1 /* okmotoTests.swift */ = {isa = PBXFileReference; lastKnownFileType = sourcecode.swift; path = okmotoTests.swift; sourceTree = "<group>"; };
		A98D035A1D34E23B00F23DB1 /* Info.plist */ = {isa = PBXFileReference; lastKnownFileType = text.plist.xml; path = Info.plist; sourceTree = "<group>"; };
		A98D035F1D34E23B00F23DB1 /* okmotoUITests.xctest */ = {isa = PBXFileReference; explicitFileType = wrapper.cfbundle; includeInIndex = 0; path = okmotoUITests.xctest; sourceTree = BUILT_PRODUCTS_DIR; };
		A98D03631D34E23B00F23DB1 /* okmotoUITests.swift */ = {isa = PBXFileReference; lastKnownFileType = sourcecode.swift; path = okmotoUITests.swift; sourceTree = "<group>"; };
		A98D03651D34E23B00F23DB1 /* Info.plist */ = {isa = PBXFileReference; lastKnownFileType = text.plist.xml; path = Info.plist; sourceTree = "<group>"; };
/* End PBXFileReference section */

/* Begin PBXFrameworksBuildPhase section */
		A98D033D1D34E23B00F23DB1 /* Frameworks */ = {
			isa = PBXFrameworksBuildPhase;
			buildActionMask = 2147483647;
			files = (
			);
			runOnlyForDeploymentPostprocessing = 0;
		};
		A98D03511D34E23B00F23DB1 /* Frameworks */ = {
			isa = PBXFrameworksBuildPhase;
			buildActionMask = 2147483647;
			files = (
			);
			runOnlyForDeploymentPostprocessing = 0;
		};
		A98D035C1D34E23B00F23DB1 /* Frameworks */ = {
			isa = PBXFrameworksBuildPhase;
			buildActionMask = 2147483647;
			files = (
			);
			runOnlyForDeploymentPostprocessing = 0;
		};
/* End PBXFrameworksBuildPhase section */

/* Begin PBXGroup section */
		A98D03371D34E23B00F23DB1 = {
			isa = PBXGroup;
			children = (
				A98D03421D34E23B00F23DB1 /* okmoto */,
				A98D03571D34E23B00F23DB1 /* okmotoTests */,
				A98D03621D34E23B00F23DB1 /* okmotoUITests */,
				A98D03411D34E23B00F23DB1 /* Products */,
			);
			sourceTree = "<group>";
		};
		A98D03411D34E23B00F23DB1 /* Products */ = {
			isa = PBXGroup;
			children = (
				A98D03401D34E23B00F23DB1 /* okmoto.app */,
				A98D03541D34E23B00F23DB1 /* okmotoTests.xctest */,
				A98D035F1D34E23B00F23DB1 /* okmotoUITests.xctest */,
			);
			name = Products;
			sourceTree = "<group>";
		};
		A98D03421D34E23B00F23DB1 /* okmoto */ = {
			isa = PBXGroup;
			children = (
				A98D03431D34E23B00F23DB1 /* AppDelegate.swift */,
				A98D03451D34E23B00F23DB1 /* ViewController.swift */,
				A98D03471D34E23B00F23DB1 /* Main.storyboard */,
				A98D034A1D34E23B00F23DB1 /* Assets.xcassets */,
				A98D034C1D34E23B00F23DB1 /* LaunchScreen.storyboard */,
				A98D034F1D34E23B00F23DB1 /* Info.plist */,
			);
			path = okmoto;
			sourceTree = "<group>";
		};
		A98D03571D34E23B00F23DB1 /* okmotoTests */ = {
			isa = PBXGroup;
			children = (
				A98D03581D34E23B00F23DB1 /* okmotoTests.swift */,
				A98D035A1D34E23B00F23DB1 /* Info.plist */,
			);
			path = okmotoTests;
			sourceTree = "<group>";
		};
		A98D03621D34E23B00F23DB1 /* okmotoUITests */ = {
			isa = PBXGroup;
			children = (
				A98D03631D34E23B00F23DB1 /* okmotoUITests.swift */,
				A98D03651D34E23B00F23DB1 /* Info.plist */,
			);
			path = okmotoUITests;
			sourceTree = "<group>";
		};
/* End PBXGroup section */

/* Begin PBXNativeTarget section */
		A98D033F1D34E23B00F23DB1 /* okmoto */ = {
			isa = PBXNativeTarget;
			buildConfigurationList = A98D03681D34E23B00F23DB1 /* Build configuration list for PBXNativeTarget "okmoto" */;
			buildPhases = (
				A98D033C1D34E23B00F23DB1 /* Sources */,
				A98D033D1D34E23B00F23DB1 /* Frameworks */,
				A98D033E1D34E23B00F23DB1 /* Resources */,
			);
			buildRules = (
			);
			dependencies = (
			);
			name = okmoto;
			productName = okmoto;
			productReference = A98D03401D34E23B00F23DB1 /* okmoto.app */;
			productType = "com.apple.product-type.application";
		};
		A98D03531D34E23B00F23DB1 /* okmotoTests */ = {
			isa = PBXNativeTarget;
			buildConfigurationList = A98D036B1D34E23B00F23DB1 /* Build configuration list for PBXNativeTarget "okmotoTests" */;
			buildPhases = (
				A98D03501D34E23B00F23DB1 /* Sources */,
				A98D03511D34E23B00F23DB1 /* Frameworks */,
				A98D03521D34E23B00F23DB1 /* Resources */,
			);
			buildRules = (
			);
			dependencies = (
				A98D03561D34E23B00F23DB1 /* PBXTargetDependency */,
			);
			name = okmotoTests;
			productName = okmotoTests;
			productReference = A98D03541D34E23B00F23DB1 /* okmotoTests.xctest */;
			productType = "com.apple.product-type.bundle.unit-test";
		};
		A98D035E1D34E23B00F23DB1 /* okmotoUITests */ = {
			isa = PBXNativeTarget;
			buildConfigurationList = A98D036E1D34E23B00F23DB1 /* Build configuration list for PBXNativeTarget "okmotoUITests" */;
			buildPhases = (
				A98D035B1D34E23B00F23DB1 /* Sources */,
				A98D035C1D34E23B00F23DB1 /* Frameworks */,
				A98D035D1D34E23B00F23DB1 /* Resources */,
			);
			buildRules = (
			);
			dependencies = (
				A98D03611D34E23B00F23DB1 /* PBXTargetDependency */,
			);
			name = okmotoUITests;
			productName = okmotoUITests;
			productReference = A98D035F1D34E23B00F23DB1 /* okmotoUITests.xctest */;
			productType = "com.apple.product-type.bundle.ui-testing";
		};
/* End PBXNativeTarget section */

/* Begin PBXProject section */
		A98D03381D34E23B00F23DB1 /* Project object */ = {
			isa = PBXProject;
			attributes = {
				LastSwiftUpdateCheck = 0730;
				LastUpgradeCheck = 0730;
				ORGANIZATIONNAME = Shurrik;
				TargetAttributes = {
					A98D033F1D34E23B00F23DB1 = {
						CreatedOnToolsVersion = 7.3.1;
					};
					A98D03531D34E23B00F23DB1 = {
						CreatedOnToolsVersion = 7.3.1;
						TestTargetID = A98D033F1D34E23B00F23DB1;
					};
					A98D035E1D34E23B00F23DB1 = {
						CreatedOnToolsVersion = 7.3.1;
						TestTargetID = A98D033F1D34E23B00F23DB1;
					};
				};
			};
			buildConfigurationList = A98D033B1D34E23B00F23DB1 /* Build configuration list for PBXProject "okmoto" */;
			compatibilityVersion = "Xcode 3.2";
			developmentRegion = English;
			hasScannedForEncodings = 0;
			knownRegions = (
				en,
				Base,
			);
			mainGroup = A98D03371D34E23B00F23DB1;
			productRefGroup = A98D03411D34E23B00F23DB1 /* Products */;
			projectDirPath = "";
			projectRoot = "";
			targets = (
				A98D033F1D34E23B00F23DB1 /* okmoto */,
				A98D03531D34E23B00F23DB1 /* okmotoTests */,
				A98D035E1D34E23B00F23DB1 /* okmotoUITests */,
			);
		};
/* End PBXProject section */

/* Begin PBXResourcesBuildPhase section */
		A98D033E1D34E23B00F23DB1 /* Resources */ = {
			isa = PBXResourcesBuildPhase;
			buildActionMask = 2147483647;
			files = (
				A98D034E1D34E23B00F23DB1 /* LaunchScreen.storyboard in Resources */,
				A98D034B1D34E23B00F23DB1 /* Assets.xcassets in Resources */,
				A98D03491D34E23B00F23DB1 /* Main.storyboard in Resources */,
			);
			runOnlyForDeploymentPostprocessing = 0;
		};
		A98D03521D34E23B00F23DB1 /* Resources */ = {
			isa = PBXResourcesBuildPhase;
			buildActionMask = 2147483647;
			files = (
			);
			runOnlyForDeploymentPostprocessing = 0;
		};
		A98D035D1D34E23B00F23DB1 /* Resources */ = {
			isa = PBXResourcesBuildPhase;
			buildActionMask = 2147483647;
			files = (
			);
			runOnlyForDeploymentPostprocessing = 0;
		};
/* End PBXResourcesBuildPhase section */

/* Begin PBXSourcesBuildPhase section */
		A98D033C1D34E23B00F23DB1 /* Sources */ = {
			isa = PBXSourcesBuildPhase;
			buildActionMask = 2147483647;
			files = (
				A98D03461D34E23B00F23DB1 /* ViewController.swift in Sources */,
				A98D03441D34E23B00F23DB1 /* AppDelegate.swift in Sources */,
			);
			runOnlyForDeploymentPostprocessing = 0;
		};
		A98D03501D34E23B00F23DB1 /* Sources */ = {
			isa = PBXSourcesBuildPhase;
			buildActionMask = 2147483647;
			files = (
				A98D03591D34E23B00F23DB1 /* okmotoTests.swift in Sources */,
			);
			runOnlyForDeploymentPostprocessing = 0;
		};
		A98D035B1D34E23B00F23DB1 /* Sources */ = {
			isa = PBXSourcesBuildPhase;
			buildActionMask = 2147483647;
			files = (
				A98D03641D34E23B00F23DB1 /* okmotoUITests.swift in Sources */,
			);
			runOnlyForDeploymentPostprocessing = 0;
		};
/* End PBXSourcesBuildPhase section */

/* Begin PBXTargetDependency section */
		A98D03561D34E23B00F23DB1 /* PBXTargetDependency */ = {
			isa = PBXTargetDependency;
			target = A98D033F1D34E23B00F23DB1 /* okmoto */;
			targetProxy = A98D03551D34E23B00F23DB1 /* PBXContainerItemProxy */;
		};
		A98D03611D34E23B00F23DB1 /* PBXTargetDependency */ = {
			isa = PBXTargetDependency;
			target = A98D033F1D34E23B00F23DB1 /* okmoto */;
			targetProxy = A98D03601D34E23B00F23DB1 /* PBXContainerItemProxy */;
		};
/* End PBXTargetDependency section */

/* Begin PBXVariantGroup section */
		A98D03471D34E23B00F23DB1 /* Main.storyboard */ = {
			isa = PBXVariantGroup;
			children = (
				A98D03481D34E23B00F23DB1 /* Base */,
			);
			name = Main.storyboard;
			sourceTree = "<group>";
		};
		A98D034C1D34E23B00F23DB1 /* LaunchScreen.storyboard */ = {
			isa = PBXVariantGroup;
			children = (
				A98D034D1D34E23B00F23DB1 /* Base */,
			);
			name = LaunchScreen.storyboard;
			sourceTree = "<group>";
		};
/* End PBXVariantGroup section */

/* Begin XCBuildConfiguration section */
		A98D03661D34E23B00F23DB1 /* Debug */ = {
			isa = XCBuildConfiguration;
			buildSettings = {
				ALWAYS_SEARCH_USER_PATHS = NO;
				CLANG_ANALYZER_NONNULL = YES;
				CLANG_CXX_LANGUAGE_STANDARD = "gnu++0x";
				CLANG_CXX_LIBRARY = "libc++";
				CLANG_ENABLE_MODULES = YES;
				CLANG_ENABLE_OBJC_ARC = YES;
				CLANG_WARN_BOOL_CONVERSION = YES;
				CLANG_WARN_CONSTANT_CONVERSION = YES;
				CLANG_WARN_DIRECT_OBJC_ISA_USAGE = YES_ERROR;
				CLANG_WARN_EMPTY_BODY = YES;
				CLANG_WARN_ENUM_CONVERSION = YES;
				CLANG_WARN_INT_CONVERSION = YES;
				CLANG_WARN_OBJC_ROOT_CLASS = YES_ERROR;
				CLANG_WARN_UNREACHABLE_CODE = YES;
				CLANG_WARN__DUPLICATE_METHOD_MATCH = YES;
				"CODE_SIGN_IDENTITY[sdk=iphoneos*]" = "iPhone Developer";
				COPY_PHASE_STRIP = NO;
				DEBUG_INFORMATION_FORMAT = dwarf;
				ENABLE_STRICT_OBJC_MSGSEND = YES;
				ENABLE_TESTABILITY = YES;
				GCC_C_LANGUAGE_STANDARD = gnu99;
				GCC_DYNAMIC_NO_PIC = NO;
				GCC_NO_COMMON_BLOCKS = YES;
				GCC_OPTIMIZATION_LEVEL = 0;
				GCC_PREPROCESSOR_DEFINITIONS = (
					"DEBUG=1",
					"$(inherited)",
				);
				GCC_WARN_64_TO_32_BIT_CONVERSION = YES;
				GCC_WARN_ABOUT_RETURN_TYPE = YES_ERROR;
				GCC_WARN_UNDECLARED_SELECTOR = YES;
				GCC_WARN_UNINITIALIZED_AUTOS = YES_AGGRESSIVE;
				GCC_WARN_UNUSED_FUNCTION = YES;
				GCC_WARN_UNUSED_VARIABLE = YES;
				IPHONEOS_DEPLOYMENT_TARGET = 9.3;
				MTL_ENABLE_DEBUG_INFO = YES;
				ONLY_ACTIVE_ARCH = YES;
				SDKROOT = iphoneos;
				SWIFT_OPTIMIZATION_LEVEL = "-Onone";
				TARGETED_DEVICE_FAMILY = "1,2";
			};
			name = Debug;
		};
		A98D03671D34E23B00F23DB1 /* Release */ = {
			isa = XCBuildConfiguration;
			buildSettings = {
				ALWAYS_SEARCH_USER_PATHS = NO;
				CLANG_ANALYZER_NONNULL = YES;
				CLANG_CXX_LANGUAGE_STANDARD = "gnu++0x";
				CLANG_CXX_LIBRARY = "libc++";
				CLANG_ENABLE_MODULES = YES;
				CLANG_ENABLE_OBJC_ARC = YES;
				CLANG_WARN_BOOL_CONVERSION = YES;
				CLANG_WARN_CONSTANT_CONVERSION = YES;
				CLANG_WARN_DIRECT_OBJC_ISA_USAGE = YES_ERROR;
				CLANG_WARN_EMPTY_BODY = YES;
				CLANG_WARN_ENUM_CONVERSION = YES;
				CLANG_WARN_INT_CONVERSION = YES;
				CLANG_WARN_OBJC_ROOT_CLASS = YES_ERROR;
				CLANG_WARN_UNREACHABLE_CODE = YES;
				CLANG_WARN__DUPLICATE_METHOD_MATCH = YES;
				"CODE_SIGN_IDENTITY[sdk=iphoneos*]" = "iPhone Developer";
				COPY_PHASE_STRIP = NO;
				DEBUG_INFORMATION_FORMAT = "dwarf-with-dsym";
				ENABLE_NS_ASSERTIONS = NO;
				ENABLE_STRICT_OBJC_MSGSEND = YES;
				GCC_C_LANGUAGE_STANDARD = gnu99;
				GCC_NO_COMMON_BLOCKS = YES;
				GCC_WARN_64_TO_32_BIT_CONVERSION = YES;
				GCC_WARN_ABOUT_RETURN_TYPE = YES_ERROR;
				GCC_WARN_UNDECLARED_SELECTOR = YES;
				GCC_WARN_UNINITIALIZED_AUTOS = YES_AGGRESSIVE;
				GCC_WARN_UNUSED_FUNCTION = YES;
				GCC_WARN_UNUSED_VARIABLE = YES;
				IPHONEOS_DEPLOYMENT_TARGET = 9.3;
				MTL_ENABLE_DEBUG_INFO = NO;
				SDKROOT = iphoneos;
				TARGETED_DEVICE_FAMILY = "1,2";
				VALIDATE_PRODUCT = YES;
			};
			name = Release;
		};
		A98D03691D34E23B00F23DB1 /* Debug */ = {
			isa = XCBuildConfiguration;
			buildSettings = {
				ASSETCATALOG_COMPILER_APPICON_NAME = AppIcon;
				INFOPLIST_FILE = okmoto/Info.plist;
				LD_RUNPATH_SEARCH_PATHS = "$(inherited) @executable_path/Frameworks";
				PRODUCT_BUNDLE_IDENTIFIER = net.hunme.okmoto;
				PRODUCT_NAME = "$(TARGET_NAME)";
			};
			name = Debug;
		};
		A98D036A1D34E23B00F23DB1 /* Release */ = {
			isa = XCBuildConfiguration;
			buildSettings = {
				ASSETCATALOG_COMPILER_APPICON_NAME = AppIcon;
				INFOPLIST_FILE = okmoto/Info.plist;
				LD_RUNPATH_SEARCH_PATHS = "$(inherited) @executable_path/Frameworks";
				PRODUCT_BUNDLE_IDENTIFIER = net.hunme.okmoto;
				PRODUCT_NAME = "$(TARGET_NAME)";
			};
			name = Release;
		};
		A98D036C1D34E23B00F23DB1 /* Debug */ = {
			isa = XCBuildConfiguration;
			buildSettings = {
				BUNDLE_LOADER = "$(TEST_HOST)";
				INFOPLIST_FILE = okmotoTests/Info.plist;
				LD_RUNPATH_SEARCH_PATHS = "$(inherited) @executable_path/Frameworks @loader_path/Frameworks";
				PRODUCT_BUNDLE_IDENTIFIER = net.hunme.okmotoTests;
				PRODUCT_NAME = "$(TARGET_NAME)";
				TEST_HOST = "$(BUILT_PRODUCTS_DIR)/okmoto.app/okmoto";
			};
			name = Debug;
		};
		A98D036D1D34E23B00F23DB1 /* Release */ = {
			isa = XCBuildConfiguration;
			buildSettings = {
				BUNDLE_LOADER = "$(TEST_HOST)";
				INFOPLIST_FILE = okmotoTests/Info.plist;
				LD_RUNPATH_SEARCH_PATHS = "$(inherited) @executable_path/Frameworks @loader_path/Frameworks";
				PRODUCT_BUNDLE_IDENTIFIER = net.hunme.okmotoTests;
				PRODUCT_NAME = "$(TARGET_NAME)";
				TEST_HOST = "$(BUILT_PRODUCTS_DIR)/okmoto.app/okmoto";
			};
			name = Release;
		};
		A98D036F1D34E23B00F23DB1 /* Debug */ = {
			isa = XCBuildConfiguration;
			buildSettings = {
				INFOPLIST_FILE = okmotoUITests/Info.plist;
				LD_RUNPATH_SEARCH_PATHS = "$(inherited) @executable_path/Frameworks @loader_path/Frameworks";
				PRODUCT_BUNDLE_IDENTIFIER = net.hunme.okmotoUITests;
				PRODUCT_NAME = "$(TARGET_NAME)";
				TEST_TARGET_NAME = okmoto;
			};
			name = Debug;
		};
		A98D03701D34E23B00F23DB1 /* Release */ = {
			isa = XCBuildConfiguration;
			buildSettings = {
				INFOPLIST_FILE = okmotoUITests/Info.plist;
				LD_RUNPATH_SEARCH_PATHS = "$(inherited) @executable_path/Frameworks @loader_path/Frameworks";
				PRODUCT_BUNDLE_IDENTIFIER = net.hunme.okmotoUITests;
				PRODUCT_NAME = "$(TARGET_NAME)";
				TEST_TARGET_NAME = okmoto;
			};
			name = Release;
		};
/* End XCBuildConfiguration section */

/* Begin XCConfigurationList section */
		A98D033B1D34E23B00F23DB1 /* Build configuration list for PBXProject "okmoto" */ = {
			isa = XCConfigurationList;
			buildConfigurations = (
				A98D03661D34E23B00F23DB1 /* Debug */,
				A98D03671D34E23B00F23DB1 /* Release */,
			);
			defaultConfigurationIsVisible = 0;
			defaultConfigurationName = Release;
		};
		A98D03681D34E23B00F23DB1 /* Build configuration list for PBXNativeTarget "okmoto" */ = {
			isa = XCConfigurationList;
			buildConfigurations = (
				A98D03691D34E23B00F23DB1 /* Debug */,
				A98D036A1D34E23B00F23DB1 /* Release */,
			);
			defaultConfigurationIsVisible = 0;
		};
		A98D036B1D34E23B00F23DB1 /* Build configuration list for PBXNativeTarget "okmotoTests" */ = {
			isa = XCConfigurationList;
			buildConfigurations = (
				A98D036C1D34E23B00F23DB1 /* Debug */,
				A98D036D1D34E23B00F23DB1 /* Release */,
			);
			defaultConfigurationIsVisible = 0;
		};
		A98D036E1D34E23B00F23DB1 /* Build configuration list for PBXNativeTarget "okmotoUITests" */ = {
			isa = XCConfigurationList;
			buildConfigurations = (
				A98D036F1D34E23B00F23DB1 /* Debug */,
				A98D03701D34E23B00F23DB1 /* Release */,
			);
			defaultConfigurationIsVisible = 0;
		};
/* End XCConfigurationList section */
	};
	rootObject = A98D03381D34E23B00F23DB1 /* Project object */;
}
